// !$*UTF8*$!
{
	archiveVersion = 1;
	classes = {
	};
	objectVersion = 46;
	objects = {

/* Begin PBXBuildFile section */
		8FC35CAC1D3CB34100E46D07 /* main.m in Sources */ = {isa = PBXBuildFile; fileRef = 8FC35CAB1D3CB34100E46D07 /* main.m */; };
		8FC35CAF1D3CB34100E46D07 /* AppDelegate.m in Sources */ = {isa = PBXBuildFile; fileRef = 8FC35CAE1D3CB34100E46D07 /* AppDelegate.m */; };
		8FC35CB21D3CB34100E46D07 /* ViewController.m in Sources */ = {isa = PBXBuildFile; fileRef = 8FC35CB11D3CB34100E46D07 /* ViewController.m */; };
		8FC35CB51D3CB34100E46D07 /* Main.storyboard in Resources */ = {isa = PBXBuildFile; fileRef = 8FC35CB31D3CB34100E46D07 /* Main.storyboard */; };
		8FC35CB71D3CB34100E46D07 /* Assets.xcassets in Resources */ = {isa = PBXBuildFile; fileRef = 8FC35CB61D3CB34100E46D07 /* Assets.xcassets */; };
		8FC35CBA1D3CB34100E46D07 /* LaunchScreen.storyboard in Resources */ = {isa = PBXBuildFile; fileRef = 8FC35CB81D3CB34100E46D07 /* LaunchScreen.storyboard */; };
		8FC35CC51D3CB34100E46D07 /* ____Tests.m in Sources */ = {isa = PBXBuildFile; fileRef = 8FC35CC41D3CB34100E46D07 /* ____Tests.m */; };
		8FC35CD01D3CB34100E46D07 /* ____UITests.m in Sources */ = {isa = PBXBuildFile; fileRef = 8FC35CCF1D3CB34100E46D07 /* ____UITests.m */; };
/* End PBXBuildFile section */

/* Begin PBXContainerItemProxy section */
		8FC35CC11D3CB34100E46D07 /* PBXContainerItemProxy */ = {
			isa = PBXContainerItemProxy;
			containerPortal = 8FC35C9F1D3CB34100E46D07 /* Project object */;
			proxyType = 1;
			remoteGlobalIDString = 8FC35CA61D3CB34100E46D07;
			remoteInfo = "二级菜单";
		};
		8FC35CCC1D3CB34100E46D07 /* PBXContainerItemProxy */ = {
			isa = PBXContainerItemProxy;
			containerPortal = 8FC35C9F1D3CB34100E46D07 /* Project object */;
			proxyType = 1;
			remoteGlobalIDString = 8FC35CA61D3CB34100E46D07;
			remoteInfo = "二级菜单";
		};
/* End PBXContainerItemProxy section */

/* Begin PBXFileReference section */
		8FC35CA71D3CB34100E46D07 /* 二级菜单.app */ = {isa = PBXFileReference; explicitFileType = wrapper.application; includeInIndex = 0; path = "二级菜单.app"; sourceTree = BUILT_PRODUCTS_DIR; };
		8FC35CAB1D3CB34100E46D07 /* main.m */ = {isa = PBXFileReference; lastKnownFileType = sourcecode.c.objc; path = main.m; sourceTree = "<group>"; };
		8FC35CAD1D3CB34100E46D07 /* AppDelegate.h */ = {isa = PBXFileReference; lastKnownFileType = sourcecode.c.h; path = AppDelegate.h; sourceTree = "<group>"; };
		8FC35CAE1D3CB34100E46D07 /* AppDelegate.m */ = {isa = PBXFileReference; lastKnownFileType = sourcecode.c.objc; path = AppDelegate.m; sourceTree = "<group>"; };
		8FC35CB01D3CB34100E46D07 /* ViewController.h */ = {isa = PBXFileReference; lastKnownFileType = sourcecode.c.h; path = ViewController.h; sourceTree = "<group>"; };
		8FC35CB11D3CB34100E46D07 /* ViewController.m */ = {isa = PBXFileReference; lastKnownFileType = sourcecode.c.objc; path = ViewController.m; sourceTree = "<group>"; };
		8FC35CB41D3CB34100E46D07 /* Base */ = {isa = PBXFileReference; lastKnownFileType = file.storyboard; name = Base; path = Base.lproj/Main.storyboard; sourceTree = "<group>"; };
		8FC35CB61D3CB34100E46D07 /* Assets.xcassets */ = {isa = PBXFileReference; lastKnownFileType = folder.assetcatalog; path = Assets.xcassets; sourceTree = "<group>"; };
		8FC35CB91D3CB34100E46D07 /* Base */ = {isa = PBXFileReference; lastKnownFileType = file.storyboard; name = Base; path = Base.lproj/LaunchScreen.storyboard; sourceTree = "<group>"; };
		8FC35CBB1D3CB34100E46D07 /* Info.plist */ = {isa = PBXFileReference; lastKnownFileType = text.plist.xml; path = Info.plist; sourceTree = "<group>"; };
		8FC35CC01D3CB34100E46D07 /* 二级菜单Tests.xctest */ = {isa = PBXFileReference; explicitFileType = wrapper.cfbundle; includeInIndex = 0; path = "二级菜单Tests.xctest"; sourceTree = BUILT_PRODUCTS_DIR; };
		8FC35CC41D3CB34100E46D07 /* ____Tests.m */ = {isa = PBXFileReference; lastKnownFileType = sourcecode.c.objc; path = "____Tests.m"; sourceTree = "<group>"; };
		8FC35CC61D3CB34100E46D07 /* Info.plist */ = {isa = PBXFileReference; lastKnownFileType = text.plist.xml; path = Info.plist; sourceTree = "<group>"; };
		8FC35CCB1D3CB34100E46D07 /* 二级菜单UITests.xctest */ = {isa = PBXFileReference; explicitFileType = wrapper.cfbundle; includeInIndex = 0; path = "二级菜单UITests.xctest"; sourceTree = BUILT_PRODUCTS_DIR; };
		8FC35CCF1D3CB34100E46D07 /* ____UITests.m */ = {isa = PBXFileReference; lastKnownFileType = sourcecode.c.objc; path = "____UITests.m"; sourceTree = "<group>"; };
		8FC35CD11D3CB34100E46D07 /* Info.plist */ = {isa = PBXFileReference; lastKnownFileType = text.plist.xml; path = Info.plist; sourceTree = "<group>"; };
/* End PBXFileReference section */

/* Begin PBXFrameworksBuildPhase section */
		8FC35CA41D3CB34100E46D07 /* Frameworks */ = {
			isa = PBXFrameworksBuildPhase;
			buildActionMask = 2147483647;
			files = (
			);
			runOnlyForDeploymentPostprocessing = 0;
		};
		8FC35CBD1D3CB34100E46D07 /* Frameworks */ = {
			isa = PBXFrameworksBuildPhase;
			buildActionMask = 2147483647;
			files = (
			);
			runOnlyForDeploymentPostprocessing = 0;
		};
		8FC35CC81D3CB34100E46D07 /* Frameworks */ = {
			isa = PBXFrameworksBuildPhase;
			buildActionMask = 2147483647;
			files = (
			);
			runOnlyForDeploymentPostprocessing = 0;
		};
/* End PBXFrameworksBuildPhase section */

/* Begin PBXGroup section */
		8FC35C9E1D3CB34100E46D07 = {
			isa = PBXGroup;
			children = (
				8FC35CA91D3CB34100E46D07 /* 二级菜单 */,
				8FC35CC31D3CB34100E46D07 /* 二级菜单Tests */,
				8FC35CCE1D3CB34100E46D07 /* 二级菜单UITests */,
				8FC35CA81D3CB34100E46D07 /* Products */,
			);
			sourceTree = "<group>";
		};
		8FC35CA81D3CB34100E46D07 /* Products */ = {
			isa = PBXGroup;
			children = (
				8FC35CA71D3CB34100E46D07 /* 二级菜单.app */,
				8FC35CC01D3CB34100E46D07 /* 二级菜单Tests.xctest */,
				8FC35CCB1D3CB34100E46D07 /* 二级菜单UITests.xctest */,
			);
			name = Products;
			sourceTree = "<group>";
		};
		8FC35CA91D3CB34100E46D07 /* 二级菜单 */ = {
			isa = PBXGroup;
			children = (
				8FC35CAD1D3CB34100E46D07 /* AppDelegate.h */,
				8FC35CAE1D3CB34100E46D07 /* AppDelegate.m */,
				8FC35CB01D3CB34100E46D07 /* ViewController.h */,
				8FC35CB11D3CB34100E46D07 /* ViewController.m */,
				8FC35CB31D3CB34100E46D07 /* Main.storyboard */,
				8FC35CB61D3CB34100E46D07 /* Assets.xcassets */,
				8FC35CB81D3CB34100E46D07 /* LaunchScreen.storyboard */,
				8FC35CBB1D3CB34100E46D07 /* Info.plist */,
				8FC35CAA1D3CB34100E46D07 /* Supporting Files */,
			);
			path = "二级菜单";
			sourceTree = "<group>";
		};
		8FC35CAA1D3CB34100E46D07 /* Supporting Files */ = {
			isa = PBXGroup;
			children = (
				8FC35CAB1D3CB34100E46D07 /* main.m */,
			);
			name = "Supporting Files";
			sourceTree = "<group>";
		};
		8FC35CC31D3CB34100E46D07 /* 二级菜单Tests */ = {
			isa = PBXGroup;
			children = (
				8FC35CC41D3CB34100E46D07 /* ____Tests.m */,
				8FC35CC61D3CB34100E46D07 /* Info.plist */,
			);
			path = "二级菜单Tests";
			sourceTree = "<group>";
		};
		8FC35CCE1D3CB34100E46D07 /* 二级菜单UITests */ = {
			isa = PBXGroup;
			children = (
				8FC35CCF1D3CB34100E46D07 /* ____UITests.m */,
				8FC35CD11D3CB34100E46D07 /* Info.plist */,
			);
			path = "二级菜单UITests";
			sourceTree = "<group>";
		};
/* End PBXGroup section */

/* Begin PBXNativeTarget section */
		8FC35CA61D3CB34100E46D07 /* 二级菜单 */ = {
			isa = PBXNativeTarget;
			buildConfigurationList = 8FC35CD41D3CB34200E46D07 /* Build configuration list for PBXNativeTarget "二级菜单" */;
			buildPhases = (
				8FC35CA31D3CB34100E46D07 /* Sources */,
				8FC35CA41D3CB34100E46D07 /* Frameworks */,
				8FC35CA51D3CB34100E46D07 /* Resources */,
			);
			buildRules = (
			);
			dependencies = (
			);
			name = "二级菜单";
			productName = "二级菜单";
			productReference = 8FC35CA71D3CB34100E46D07 /* 二级菜单.app */;
			productType = "com.apple.product-type.application";
		};
		8FC35CBF1D3CB34100E46D07 /* 二级菜单Tests */ = {
			isa = PBXNativeTarget;
			buildConfigurationList = 8FC35CD71D3CB34200E46D07 /* Build configuration list for PBXNativeTarget "二级菜单Tests" */;
			buildPhases = (
				8FC35CBC1D3CB34100E46D07 /* Sources */,
				8FC35CBD1D3CB34100E46D07 /* Frameworks */,
				8FC35CBE1D3CB34100E46D07 /* Resources */,
			);
			buildRules = (
			);
			dependencies = (
				8FC35CC21D3CB34100E46D07 /* PBXTargetDependency */,
			);
			name = "二级菜单Tests";
			productName = "二级菜单Tests";
			productReference = 8FC35CC01D3CB34100E46D07 /* 二级菜单Tests.xctest */;
			productType = "com.apple.product-type.bundle.unit-test";
		};
		8FC35CCA1D3CB34100E46D07 /* 二级菜单UITests */ = {
			isa = PBXNativeTarget;
			buildConfigurationList = 8FC35CDA1D3CB34200E46D07 /* Build configuration list for PBXNativeTarget "二级菜单UITests" */;
			buildPhases = (
				8FC35CC71D3CB34100E46D07 /* Sources */,
				8FC35CC81D3CB34100E46D07 /* Frameworks */,
				8FC35CC91D3CB34100E46D07 /* Resources */,
			);
			buildRules = (
			);
			dependencies = (
				8FC35CCD1D3CB34100E46D07 /* PBXTargetDependency */,
			);
			name = "二级菜单UITests";
			productName = "二级菜单UITests";
			productReference = 8FC35CCB1D3CB34100E46D07 /* 二级菜单UITests.xctest */;
			productType = "com.apple.product-type.bundle.ui-testing";
		};
/* End PBXNativeTarget section */

/* Begin PBXProject section */
		8FC35C9F1D3CB34100E46D07 /* Project object */ = {
			isa = PBXProject;
			attributes = {
				LastUpgradeCheck = 0730;
				ORGANIZATIONNAME = cloudssky;
				TargetAttributes = {
					8FC35CA61D3CB34100E46D07 = {
						CreatedOnToolsVersion = 7.3.1;
					};
					8FC35CBF1D3CB34100E46D07 = {
						CreatedOnToolsVersion = 7.3.1;
						TestTargetID = 8FC35CA61D3CB34100E46D07;
					};
					8FC35CCA1D3CB34100E46D07 = {
						CreatedOnToolsVersion = 7.3.1;
						TestTargetID = 8FC35CA61D3CB34100E46D07;
					};
				};
			};
			buildConfigurationList = 8FC35CA21D3CB34100E46D07 /* Build configuration list for PBXProject "二级菜单" */;
			compatibilityVersion = "Xcode 3.2";
			developmentRegion = English;
			hasScannedForEncodings = 0;
			knownRegions = (
				en,
				Base,
			);
			mainGroup = 8FC35C9E1D3CB34100E46D07;
			productRefGroup = 8FC35CA81D3CB34100E46D07 /* Products */;
			projectDirPath = "";
			projectRoot = "";
			targets = (
				8FC35CA61D3CB34100E46D07 /* 二级菜单 */,
				8FC35CBF1D3CB34100E46D07 /* 二级菜单Tests */,
				8FC35CCA1D3CB34100E46D07 /* 二级菜单UITests */,
			);
		};
/* End PBXProject section */

/* Begin PBXResourcesBuildPhase section */
		8FC35CA51D3CB34100E46D07 /* Resources */ = {
			isa = PBXResourcesBuildPhase;
			buildActionMask = 2147483647;
			files = (
				8FC35CBA1D3CB34100E46D07 /* LaunchScreen.storyboard in Resources */,
				8FC35CB71D3CB34100E46D07 /* Assets.xcassets in Resources */,
				8FC35CB51D3CB34100E46D07 /* Main.storyboard in Resources */,
			);
			runOnlyForDeploymentPostprocessing = 0;
		};
		8FC35CBE1D3CB34100E46D07 /* Resources */ = {
			isa = PBXResourcesBuildPhase;
			buildActionMask = 2147483647;
			files = (
			);
			runOnlyForDeploymentPostprocessing = 0;
		};
		8FC35CC91D3CB34100E46D07 /* Resources */ = {
			isa = PBXResourcesBuildPhase;
			buildActionMask = 2147483647;
			files = (
			);
			runOnlyForDeploymentPostprocessing = 0;
		};
/* End PBXResourcesBuildPhase section */

/* Begin PBXSourcesBuildPhase section */
		8FC35CA31D3CB34100E46D07 /* Sources */ = {
			isa = PBXSourcesBuildPhase;
			buildActionMask = 2147483647;
			files = (
				8FC35CB21D3CB34100E46D07 /* ViewController.m in Sources */,
				8FC35CAF1D3CB34100E46D07 /* AppDelegate.m in Sources */,
				8FC35CAC1D3CB34100E46D07 /* main.m in Sources */,
			);
			runOnlyForDeploymentPostprocessing = 0;
		};
		8FC35CBC1D3CB34100E46D07 /* Sources */ = {
			isa = PBXSourcesBuildPhase;
			buildActionMask = 2147483647;
			files = (
				8FC35CC51D3CB34100E46D07 /* ____Tests.m in Sources */,
			);
			runOnlyForDeploymentPostprocessing = 0;
		};
		8FC35CC71D3CB34100E46D07 /* Sources */ = {
			isa = PBXSourcesBuildPhase;
			buildActionMask = 2147483647;
			files = (
				8FC35CD01D3CB34100E46D07 /* ____UITests.m in Sources */,
			);
			runOnlyForDeploymentPostprocessing = 0;
		};
/* End PBXSourcesBuildPhase section */

/* Begin PBXTargetDependency section */
		8FC35CC21D3CB34100E46D07 /* PBXTargetDependency */ = {
			isa = PBXTargetDependency;
			target = 8FC35CA61D3CB34100E46D07 /* 二级菜单 */;
			targetProxy = 8FC35CC11D3CB34100E46D07 /* PBXContainerItemProxy */;
		};
		8FC35CCD1D3CB34100E46D07 /* PBXTargetDependency */ = {
			isa = PBXTargetDependency;
			target = 8FC35CA61D3CB34100E46D07 /* 二级菜单 */;
			targetProxy = 8FC35CCC1D3CB34100E46D07 /* PBXContainerItemProxy */;
		};
/* End PBXTargetDependency section */

/* Begin PBXVariantGroup section */
		8FC35CB31D3CB34100E46D07 /* Main.storyboard */ = {
			isa = PBXVariantGroup;
			children = (
				8FC35CB41D3CB34100E46D07 /* Base */,
			);
			name = Main.storyboard;
			sourceTree = "<group>";
		};
		8FC35CB81D3CB34100E46D07 /* LaunchScreen.storyboard */ = {
			isa = PBXVariantGroup;
			children = (
				8FC35CB91D3CB34100E46D07 /* Base */,
			);
			name = LaunchScreen.storyboard;
			sourceTree = "<group>";
		};
/* End PBXVariantGroup section */

/* Begin XCBuildConfiguration section */
		8FC35CD21D3CB34200E46D07 /* Debug */ = {
			isa = XCBuildConfiguration;
			buildSettings = {
				ALWAYS_SEARCH_USER_PATHS = NO;
				CLANG_ANALYZER_NONNULL = YES;
				CLANG_CXX_LANGUAGE_STANDARD = "gnu++0x";
				CLANG_CXX_LIBRARY = "libc++";
				CLANG_ENABLE_MODULES = YES;
				CLANG_ENABLE_OBJC_ARC = YES;
				CLANG_WARN_BOOL_CONVERSION = YES;
				CLANG_WARN_CONSTANT_CONVERSION = YES;
				CLANG_WARN_DIRECT_OBJC_ISA_USAGE = YES_ERROR;
				CLANG_WARN_EMPTY_BODY = YES;
				CLANG_WARN_ENUM_CONVERSION = YES;
				CLANG_WARN_INT_CONVERSION = YES;
				CLANG_WARN_OBJC_ROOT_CLASS = YES_ERROR;
				CLANG_WARN_UNREACHABLE_CODE = YES;
				CLANG_WARN__DUPLICATE_METHOD_MATCH = YES;
				"CODE_SIGN_IDENTITY[sdk=iphoneos*]" = "iPhone Developer";
				COPY_PHASE_STRIP = NO;
				DEBUG_INFORMATION_FORMAT = dwarf;
				ENABLE_STRICT_OBJC_MSGSEND = YES;
				ENABLE_TESTABILITY = YES;
				GCC_C_LANGUAGE_STANDARD = gnu99;
				GCC_DYNAMIC_NO_PIC = NO;
				GCC_NO_COMMON_BLOCKS = YES;
				GCC_OPTIMIZATION_LEVEL = 0;
				GCC_PREPROCESSOR_DEFINITIONS = (
					"DEBUG=1",
					"$(inherited)",
				);
				GCC_WARN_64_TO_32_BIT_CONVERSION = YES;
				GCC_WARN_ABOUT_RETURN_TYPE = YES_ERROR;
				GCC_WARN_UNDECLARED_SELECTOR = YES;
				GCC_WARN_UNINITIALIZED_AUTOS = YES_AGGRESSIVE;
				GCC_WARN_UNUSED_FUNCTION = YES;
				GCC_WARN_UNUSED_VARIABLE = YES;
				IPHONEOS_DEPLOYMENT_TARGET = 9.3;
				MTL_ENABLE_DEBUG_INFO = YES;
				ONLY_ACTIVE_ARCH = YES;
				SDKROOT = iphoneos;
			};
			name = Debug;
		};
		8FC35CD31D3CB34200E46D07 /* Release */ = {
			isa = XCBuildConfiguration;
			buildSettings = {
				ALWAYS_SEARCH_USER_PATHS = NO;
				CLANG_ANALYZER_NONNULL = YES;
				CLANG_CXX_LANGUAGE_STANDARD = "gnu++0x";
				CLANG_CXX_LIBRARY = "libc++";
				CLANG_ENABLE_MODULES = YES;
				CLANG_ENABLE_OBJC_ARC = YES;
				CLANG_WARN_BOOL_CONVERSION = YES;
				CLANG_WARN_CONSTANT_CONVERSION = YES;
				CLANG_WARN_DIRECT_OBJC_ISA_USAGE = YES_ERROR;
				CLANG_WARN_EMPTY_BODY = YES;
				CLANG_WARN_ENUM_CONVERSION = YES;
				CLANG_WARN_INT_CONVERSION = YES;
				CLANG_WARN_OBJC_ROOT_CLASS = YES_ERROR;
				CLANG_WARN_UNREACHABLE_CODE = YES;
				CLANG_WARN__DUPLICATE_METHOD_MATCH = YES;
				"CODE_SIGN_IDENTITY[sdk=iphoneos*]" = "iPhone Developer";
				COPY_PHASE_STRIP = NO;
				DEBUG_INFORMATION_FORMAT = "dwarf-with-dsym";
				ENABLE_NS_ASSERTIONS = NO;
				ENABLE_STRICT_OBJC_MSGSEND = YES;
				GCC_C_LANGUAGE_STANDARD = gnu99;
				GCC_NO_COMMON_BLOCKS = YES;
				GCC_WARN_64_TO_32_BIT_CONVERSION = YES;
				GCC_WARN_ABOUT_RETURN_TYPE = YES_ERROR;
				GCC_WARN_UNDECLARED_SELECTOR = YES;
				GCC_WARN_UNINITIALIZED_AUTOS = YES_AGGRESSIVE;
				GCC_WARN_UNUSED_FUNCTION = YES;
				GCC_WARN_UNUSED_VARIABLE = YES;
				IPHONEOS_DEPLOYMENT_TARGET = 9.3;
				MTL_ENABLE_DEBUG_INFO = NO;
				SDKROOT = iphoneos;
				VALIDATE_PRODUCT = YES;
			};
			name = Release;
		};
		8FC35CD51D3CB34200E46D07 /* Debug */ = {
			isa = XCBuildConfiguration;
			buildSettings = {
				ASSETCATALOG_COMPILER_APPICON_NAME = AppIcon;
				INFOPLIST_FILE = "二级菜单/Info.plist";
				IPHONEOS_DEPLOYMENT_TARGET = 7;
				LD_RUNPATH_SEARCH_PATHS = "$(inherited) @executable_path/Frameworks";
				PRODUCT_BUNDLE_IDENTIFIER = "com.cloudssky.----";
				PRODUCT_NAME = "$(TARGET_NAME)";
			};
			name = Debug;
		};
		8FC35CD61D3CB34200E46D07 /* Release */ = {
			isa = XCBuildConfiguration;
			buildSettings = {
				ASSETCATALOG_COMPILER_APPICON_NAME = AppIcon;
				INFOPLIST_FILE = "二级菜单/Info.plist";
				IPHONEOS_DEPLOYMENT_TARGET = 7;
				LD_RUNPATH_SEARCH_PATHS = "$(inherited) @executable_path/Frameworks";
				PRODUCT_BUNDLE_IDENTIFIER = "com.cloudssky.----";
				PRODUCT_NAME = "$(TARGET_NAME)";
			};
			name = Release;
		};
		8FC35CD81D3CB34200E46D07 /* Debug */ = {
			isa = XCBuildConfiguration;
			buildSettings = {
				BUNDLE_LOADER = "$(TEST_HOST)";
				INFOPLIST_FILE = "二级菜单Tests/Info.plist";
				LD_RUNPATH_SEARCH_PATHS = "$(inherited) @executable_path/Frameworks @loader_path/Frameworks";
				PRODUCT_BUNDLE_IDENTIFIER = "com.cloudssky.----Tests";
				PRODUCT_NAME = "$(TARGET_NAME)";
				TEST_HOST = "$(BUILT_PRODUCTS_DIR)/二级菜单.app/二级菜单";
			};
			name = Debug;
		};
		8FC35CD91D3CB34200E46D07 /* Release */ = {
			isa = XCBuildConfiguration;
			buildSettings = {
				BUNDLE_LOADER = "$(TEST_HOST)";
				INFOPLIST_FILE = "二级菜单Tests/Info.plist";
				LD_RUNPATH_SEARCH_PATHS = "$(inherited) @executable_path/Frameworks @loader_path/Frameworks";
				PRODUCT_BUNDLE_IDENTIFIER = "com.cloudssky.----Tests";
				PRODUCT_NAME = "$(TARGET_NAME)";
				TEST_HOST = "$(BUILT_PRODUCTS_DIR)/二级菜单.app/二级菜单";
			};
			name = Release;
		};
		8FC35CDB1D3CB34200E46D07 /* Debug */ = {
			isa = XCBuildConfiguration;
			buildSettings = {
				INFOPLIST_FILE = "二级菜单UITests/Info.plist";
				LD_RUNPATH_SEARCH_PATHS = "$(inherited) @executable_path/Frameworks @loader_path/Frameworks";
				PRODUCT_BUNDLE_IDENTIFIER = "com.cloudssky.----UITests";
				PRODUCT_NAME = "$(TARGET_NAME)";
				TEST_TARGET_NAME = "二级菜单";
			};
			name = Debug;
		};
		8FC35CDC1D3CB34200E46D07 /* Release */ = {
			isa = XCBuildConfiguration;
			buildSettings = {
				INFOPLIST_FILE = "二级菜单UITests/Info.plist";
				LD_RUNPATH_SEARCH_PATHS = "$(inherited) @executable_path/Frameworks @loader_path/Frameworks";
				PRODUCT_BUNDLE_IDENTIFIER = "com.cloudssky.----UITests";
				PRODUCT_NAME = "$(TARGET_NAME)";
				TEST_TARGET_NAME = "二级菜单";
			};
			name = Release;
		};
/* End XCBuildConfiguration section */

/* Begin XCConfigurationList section */
		8FC35CA21D3CB34100E46D07 /* Build configuration list for PBXProject "二级菜单" */ = {
			isa = XCConfigurationList;
			buildConfigurations = (
				8FC35CD21D3CB34200E46D07 /* Debug */,
				8FC35CD31D3CB34200E46D07 /* Release */,
			);
			defaultConfigurationIsVisible = 0;
			defaultConfigurationName = Release;
		};
		8FC35CD41D3CB34200E46D07 /* Build configuration list for PBXNativeTarget "二级菜单" */ = {
			isa = XCConfigurationList;
			buildConfigurations = (
				8FC35CD51D3CB34200E46D07 /* Debug */,
				8FC35CD61D3CB34200E46D07 /* Release */,
			);
			defaultConfigurationIsVisible = 0;
		};
		8FC35CD71D3CB34200E46D07 /* Build configuration list for PBXNativeTarget "二级菜单Tests" */ = {
			isa = XCConfigurationList;
			buildConfigurations = (
				8FC35CD81D3CB34200E46D07 /* Debug */,
				8FC35CD91D3CB34200E46D07 /* Release */,
			);
			defaultConfigurationIsVisible = 0;
		};
		8FC35CDA1D3CB34200E46D07 /* Build configuration list for PBXNativeTarget "二级菜单UITests" */ = {
			isa = XCConfigurationList;
			buildConfigurations = (
				8FC35CDB1D3CB34200E46D07 /* Debug */,
				8FC35CDC1D3CB34200E46D07 /* Release */,
			);
			defaultConfigurationIsVisible = 0;
		};
/* End XCConfigurationList section */
	};
	rootObject = 8FC35C9F1D3CB34100E46D07 /* Project object */;
}
